
Microsoft Visual Studio Solution File, Format Version 12.00
# Visual Studio Version 16
VisualStudioVersion = 16.0.31729.503
MinimumVisualStudioVersion = 10.0.40219.1
Project("{FAE04EC0-301F-11D3-BF4B-00C04F79EFBC}") = "DsProje3.4", "DsProje3.4\DsProje3.4.csproj", "{833AD56A-8299-4A4E-B869-F6CF6269FCC2}"
EndProject
Global
	GlobalSection(SolutionConfigurationPlatforms) = preSolution
		Debug|Any CPU = Debug|Any CPU
		Release|Any CPU = Release|Any CPU
	EndGlobalSection
	GlobalSection(ProjectConfigurationPlatforms) = postSolution
		{833AD56A-8299-4A4E-B869-F6CF6269FCC2}.Debug|Any CPU.ActiveCfg = Debug|Any CPU
		{833AD56A-8299-4A4E-B869-F6CF6269FCC2}.Debug|Any CPU.Build.0 = Debug|Any CPU
		{833AD56A-8299-4A4E-B869-F6CF6269FCC2}.Release|Any CPU.ActiveCfg = Release|Any CPU
		{833AD56A-8299-4A4E-B869-F6CF6269FCC2}.Release|Any CPU.Build.0 = Release|Any CPU
	EndGlobalSection
	GlobalSection(SolutionProperties) = preSolution
		HideSolutionNode = FALSE
	EndGlobalSection
	GlobalSection(ExtensibilityGlobals) = postSolution
		SolutionGuid = {F4A80E44-83B6-4E98-A703-FDED5FE2E021}
	EndGlobalSection
EndGlobal
