
Microsoft Visual Studio Solution File, Format Version 12.00
# Visual Studio Version 16
VisualStudioVersion = 16.0.31729.503
MinimumVisualStudioVersion = 10.0.40219.1
Project("{FAE04EC0-301F-11D3-BF4B-00C04F79EFBC}") = "DsProje3", "DsProje3\DsProje3.csproj", "{DB20CB9E-F59F-4656-BCCD-902AD6B4BCAD}"
EndProject
Global
	GlobalSection(SolutionConfigurationPlatforms) = preSolution
		Debug|Any CPU = Debug|Any CPU
		Release|Any CPU = Release|Any CPU
	EndGlobalSection
	GlobalSection(ProjectConfigurationPlatforms) = postSolution
		{DB20CB9E-F59F-4656-BCCD-902AD6B4BCAD}.Debug|Any CPU.ActiveCfg = Debug|Any CPU
		{DB20CB9E-F59F-4656-BCCD-902AD6B4BCAD}.Debug|Any CPU.Build.0 = Debug|Any CPU
		{DB20CB9E-F59F-4656-BCCD-902AD6B4BCAD}.Release|Any CPU.ActiveCfg = Release|Any CPU
		{DB20CB9E-F59F-4656-BCCD-902AD6B4BCAD}.Release|Any CPU.Build.0 = Release|Any CPU
	EndGlobalSection
	GlobalSection(SolutionProperties) = preSolution
		HideSolutionNode = FALSE
	EndGlobalSection
	GlobalSection(ExtensibilityGlobals) = postSolution
		SolutionGuid = {CF644332-209F-4299-BE28-6314966C0FB9}
	EndGlobalSection
EndGlobal
