
Microsoft Visual Studio Solution File, Format Version 12.00
# Visual Studio Version 16
VisualStudioVersion = 16.0.31729.503
MinimumVisualStudioVersion = 10.0.40219.1
Project("{FAE04EC0-301F-11D3-BF4B-00C04F79EFBC}") = "dsproje2", "dsproje2\dsproje2.csproj", "{0D453014-F0A7-4ED3-AFF7-9403D5792470}"
EndProject
Global
	GlobalSection(SolutionConfigurationPlatforms) = preSolution
		Debug|Any CPU = Debug|Any CPU
		Release|Any CPU = Release|Any CPU
	EndGlobalSection
	GlobalSection(ProjectConfigurationPlatforms) = postSolution
		{0D453014-F0A7-4ED3-AFF7-9403D5792470}.Debug|Any CPU.ActiveCfg = Debug|Any CPU
		{0D453014-F0A7-4ED3-AFF7-9403D5792470}.Debug|Any CPU.Build.0 = Debug|Any CPU
		{0D453014-F0A7-4ED3-AFF7-9403D5792470}.Release|Any CPU.ActiveCfg = Release|Any CPU
		{0D453014-F0A7-4ED3-AFF7-9403D5792470}.Release|Any CPU.Build.0 = Release|Any CPU
	EndGlobalSection
	GlobalSection(SolutionProperties) = preSolution
		HideSolutionNode = FALSE
	EndGlobalSection
	GlobalSection(ExtensibilityGlobals) = postSolution
		SolutionGuid = {731AB5AA-B541-4DC5-9A5E-12805A5E1AD3}
	EndGlobalSection
EndGlobal
